
Microsoft Visual Studio Solution File, Format Version 12.00
# Visual Studio Version 17
VisualStudioVersion = 17.4.33205.214
MinimumVisualStudioVersion = 10.0.40219.1
Project("{FAE04EC0-301F-11D3-BF4B-00C04F79EFBC}") = "KT 10-02-23", "KT 10-02-23\KT 10-02-23.csproj", "{B3788BBC-E8F3-4BFF-B2F8-61CDD41BDE92}"
EndProject
Global
	GlobalSection(SolutionConfigurationPlatforms) = preSolution
		Debug|Any CPU = Debug|Any CPU
		Release|Any CPU = Release|Any CPU
	EndGlobalSection
	GlobalSection(ProjectConfigurationPlatforms) = postSolution
		{B3788BBC-E8F3-4BFF-B2F8-61CDD41BDE92}.Debug|Any CPU.ActiveCfg = Debug|Any CPU
		{B3788BBC-E8F3-4BFF-B2F8-61CDD41BDE92}.Debug|Any CPU.Build.0 = Debug|Any CPU
		{B3788BBC-E8F3-4BFF-B2F8-61CDD41BDE92}.Release|Any CPU.ActiveCfg = Release|Any CPU
		{B3788BBC-E8F3-4BFF-B2F8-61CDD41BDE92}.Release|Any CPU.Build.0 = Release|Any CPU
	EndGlobalSection
	GlobalSection(SolutionProperties) = preSolution
		HideSolutionNode = FALSE
	EndGlobalSection
	GlobalSection(ExtensibilityGlobals) = postSolution
		SolutionGuid = {B770223E-4586-4300-92FB-0FCF219EC9ED}
	EndGlobalSection
EndGlobal
